
Microsoft Visual Studio Solution File, Format Version 12.00
# Visual Studio Version 17
VisualStudioVersion = 17.0.32014.148
MinimumVisualStudioVersion = 10.0.40219.1
Project("{FAE04EC0-301F-11D3-BF4B-00C04F79EFBC}") = "Catalog.API", "Services\Catalog\Catalog.API\Catalog.API.csproj", "{C5F75D53-5DFA-44EF-A69F-794A1C26AE18}"
EndProject
Global
	GlobalSection(SolutionConfigurationPlatforms) = preSolution
		Debug|Any CPU = Debug|Any CPU
		Release|Any CPU = Release|Any CPU
	EndGlobalSection
	GlobalSection(ProjectConfigurationPlatforms) = postSolution
		{C5F75D53-5DFA-44EF-A69F-794A1C26AE18}.Debug|Any CPU.ActiveCfg = Debug|Any CPU
		{C5F75D53-5DFA-44EF-A69F-794A1C26AE18}.Debug|Any CPU.Build.0 = Debug|Any CPU
		{C5F75D53-5DFA-44EF-A69F-794A1C26AE18}.Release|Any CPU.ActiveCfg = Release|Any CPU
		{C5F75D53-5DFA-44EF-A69F-794A1C26AE18}.Release|Any CPU.Build.0 = Release|Any CPU
	EndGlobalSection
	GlobalSection(SolutionProperties) = preSolution
		HideSolutionNode = FALSE
	EndGlobalSection
	GlobalSection(ExtensibilityGlobals) = postSolution
		SolutionGuid = {5EBE17DC-A3C2-4D87-9625-F1C0E0E4F2C3}
	EndGlobalSection
EndGlobal
